
Microsoft Visual Studio Solution File, Format Version 12.00
# Visual Studio Version 16
VisualStudioVersion = 16.0.30413.136
MinimumVisualStudioVersion = 10.0.40219.1
Project("{FAE04EC0-301F-11D3-BF4B-00C04F79EFBC}") = "Session04Example", "Session04Example\Session04Example.csproj", "{C4769A99-37D7-4449-B4CB-B06194530F86}"
EndProject
Project("{FAE04EC0-301F-11D3-BF4B-00C04F79EFBC}") = "Session04Exercise02", "Session04Exercise02\Session04Exercise02.csproj", "{8F53B54C-4306-43C8-BBFD-595695639692}"
EndProject
Project("{FAE04EC0-301F-11D3-BF4B-00C04F79EFBC}") = "Session04Exercise03", "Session04Exercise03\Session04Exercise03.csproj", "{02221B9C-04EC-4C6B-9203-8AF1266CBC59}"
EndProject
Project("{FAE04EC0-301F-11D3-BF4B-00C04F79EFBC}") = "Session04Exercise04", "Session04Exercise04\Session04Exercise04.csproj", "{83265460-DE06-48D4-98A8-79B0AE525417}"
EndProject
Project("{FAE04EC0-301F-11D3-BF4B-00C04F79EFBC}") = "Session04Exercise05", "Session04Exercise05\Session04Exercise05.csproj", "{0134E6DF-3B95-446A-B842-ED3529875B52}"
EndProject
Project("{FAE04EC0-301F-11D3-BF4B-00C04F79EFBC}") = "Session04Exercise06", "Session04Exercise06\Session04Exercise06.csproj", "{C0DE97C3-9A55-4D3C-BBDF-CB2E340251E4}"
EndProject
Global
	GlobalSection(SolutionConfigurationPlatforms) = preSolution
		Debug|Any CPU = Debug|Any CPU
		Release|Any CPU = Release|Any CPU
	EndGlobalSection
	GlobalSection(ProjectConfigurationPlatforms) = postSolution
		{C4769A99-37D7-4449-B4CB-B06194530F86}.Debug|Any CPU.ActiveCfg = Debug|Any CPU
		{C4769A99-37D7-4449-B4CB-B06194530F86}.Debug|Any CPU.Build.0 = Debug|Any CPU
		{C4769A99-37D7-4449-B4CB-B06194530F86}.Release|Any CPU.ActiveCfg = Release|Any CPU
		{C4769A99-37D7-4449-B4CB-B06194530F86}.Release|Any CPU.Build.0 = Release|Any CPU
		{8F53B54C-4306-43C8-BBFD-595695639692}.Debug|Any CPU.ActiveCfg = Debug|Any CPU
		{8F53B54C-4306-43C8-BBFD-595695639692}.Debug|Any CPU.Build.0 = Debug|Any CPU
		{8F53B54C-4306-43C8-BBFD-595695639692}.Release|Any CPU.ActiveCfg = Release|Any CPU
		{8F53B54C-4306-43C8-BBFD-595695639692}.Release|Any CPU.Build.0 = Release|Any CPU
		{02221B9C-04EC-4C6B-9203-8AF1266CBC59}.Debug|Any CPU.ActiveCfg = Debug|Any CPU
		{02221B9C-04EC-4C6B-9203-8AF1266CBC59}.Debug|Any CPU.Build.0 = Debug|Any CPU
		{02221B9C-04EC-4C6B-9203-8AF1266CBC59}.Release|Any CPU.ActiveCfg = Release|Any CPU
		{02221B9C-04EC-4C6B-9203-8AF1266CBC59}.Release|Any CPU.Build.0 = Release|Any CPU
		{83265460-DE06-48D4-98A8-79B0AE525417}.Debug|Any CPU.ActiveCfg = Debug|Any CPU
		{83265460-DE06-48D4-98A8-79B0AE525417}.Debug|Any CPU.Build.0 = Debug|Any CPU
		{83265460-DE06-48D4-98A8-79B0AE525417}.Release|Any CPU.ActiveCfg = Release|Any CPU
		{83265460-DE06-48D4-98A8-79B0AE525417}.Release|Any CPU.Build.0 = Release|Any CPU
		{0134E6DF-3B95-446A-B842-ED3529875B52}.Debug|Any CPU.ActiveCfg = Debug|Any CPU
		{0134E6DF-3B95-446A-B842-ED3529875B52}.Debug|Any CPU.Build.0 = Debug|Any CPU
		{0134E6DF-3B95-446A-B842-ED3529875B52}.Release|Any CPU.ActiveCfg = Release|Any CPU
		{0134E6DF-3B95-446A-B842-ED3529875B52}.Release|Any CPU.Build.0 = Release|Any CPU
		{C0DE97C3-9A55-4D3C-BBDF-CB2E340251E4}.Debug|Any CPU.ActiveCfg = Debug|Any CPU
		{C0DE97C3-9A55-4D3C-BBDF-CB2E340251E4}.Debug|Any CPU.Build.0 = Debug|Any CPU
		{C0DE97C3-9A55-4D3C-BBDF-CB2E340251E4}.Release|Any CPU.ActiveCfg = Release|Any CPU
		{C0DE97C3-9A55-4D3C-BBDF-CB2E340251E4}.Release|Any CPU.Build.0 = Release|Any CPU
	EndGlobalSection
	GlobalSection(SolutionProperties) = preSolution
		HideSolutionNode = FALSE
	EndGlobalSection
	GlobalSection(ExtensibilityGlobals) = postSolution
		SolutionGuid = {ECA595E3-2351-4A80-BE3E-5844C09B0B6F}
	EndGlobalSection
EndGlobal
