
Microsoft Visual Studio Solution File, Format Version 12.00
# Visual Studio Version 16
VisualStudioVersion = 16.0.30413.136
MinimumVisualStudioVersion = 10.0.40219.1
Project("{9A19103F-16F7-4668-BE54-9A1E7A4F7556}") = "Session02Exercise01", "Session02Exercise01\Session02Exercise01.csproj", "{5AC45B1A-7EEC-43FE-BD1B-E093DA2A9DC5}"
EndProject
Project("{9A19103F-16F7-4668-BE54-9A1E7A4F7556}") = "Session02Exercise02", "Session02Exercise02\Session02Exercise02.csproj", "{641114B6-8126-42A7-9C35-14E0562AAE1C}"
EndProject
Project("{9A19103F-16F7-4668-BE54-9A1E7A4F7556}") = "Session02Exercise03", "Session02Exercise03\Session02Exercise03.csproj", "{ED98DE64-DB26-4278-A40A-3814637DC52C}"
EndProject
Project("{9A19103F-16F7-4668-BE54-9A1E7A4F7556}") = "Session03Exercise04", "Session03Exercise04\Session03Exercise04.csproj", "{B7D33A19-7399-4A70-A8B6-7141BCB88D7C}"
EndProject
Project("{FAE04EC0-301F-11D3-BF4B-00C04F79EFBC}") = "Session03Exercise01", "..\..\..\..\Session03\Session03Exercise01\Session03Exercise01.csproj", "{E7676CD8-2F21-486F-A041-63D7D9CCD8A8}"
EndProject
Project("{FAE04EC0-301F-11D3-BF4B-00C04F79EFBC}") = "Session03Exercise03", "..\..\..\..\Session03\Session03Exercise03\Session03Exercise03.csproj", "{2E87E451-72C9-45EB-AA4D-32C96CA9AB1A}"
EndProject
Global
	GlobalSection(SolutionConfigurationPlatforms) = preSolution
		Debug|Any CPU = Debug|Any CPU
		Release|Any CPU = Release|Any CPU
	EndGlobalSection
	GlobalSection(ProjectConfigurationPlatforms) = postSolution
		{5AC45B1A-7EEC-43FE-BD1B-E093DA2A9DC5}.Debug|Any CPU.ActiveCfg = Debug|Any CPU
		{5AC45B1A-7EEC-43FE-BD1B-E093DA2A9DC5}.Debug|Any CPU.Build.0 = Debug|Any CPU
		{5AC45B1A-7EEC-43FE-BD1B-E093DA2A9DC5}.Release|Any CPU.ActiveCfg = Release|Any CPU
		{5AC45B1A-7EEC-43FE-BD1B-E093DA2A9DC5}.Release|Any CPU.Build.0 = Release|Any CPU
		{641114B6-8126-42A7-9C35-14E0562AAE1C}.Debug|Any CPU.ActiveCfg = Debug|Any CPU
		{641114B6-8126-42A7-9C35-14E0562AAE1C}.Debug|Any CPU.Build.0 = Debug|Any CPU
		{641114B6-8126-42A7-9C35-14E0562AAE1C}.Release|Any CPU.ActiveCfg = Release|Any CPU
		{641114B6-8126-42A7-9C35-14E0562AAE1C}.Release|Any CPU.Build.0 = Release|Any CPU
		{ED98DE64-DB26-4278-A40A-3814637DC52C}.Debug|Any CPU.ActiveCfg = Debug|Any CPU
		{ED98DE64-DB26-4278-A40A-3814637DC52C}.Debug|Any CPU.Build.0 = Debug|Any CPU
		{ED98DE64-DB26-4278-A40A-3814637DC52C}.Release|Any CPU.ActiveCfg = Release|Any CPU
		{ED98DE64-DB26-4278-A40A-3814637DC52C}.Release|Any CPU.Build.0 = Release|Any CPU
		{B7D33A19-7399-4A70-A8B6-7141BCB88D7C}.Debug|Any CPU.ActiveCfg = Debug|Any CPU
		{B7D33A19-7399-4A70-A8B6-7141BCB88D7C}.Debug|Any CPU.Build.0 = Debug|Any CPU
		{B7D33A19-7399-4A70-A8B6-7141BCB88D7C}.Release|Any CPU.ActiveCfg = Release|Any CPU
		{B7D33A19-7399-4A70-A8B6-7141BCB88D7C}.Release|Any CPU.Build.0 = Release|Any CPU
		{E7676CD8-2F21-486F-A041-63D7D9CCD8A8}.Debug|Any CPU.ActiveCfg = Debug|Any CPU
		{E7676CD8-2F21-486F-A041-63D7D9CCD8A8}.Debug|Any CPU.Build.0 = Debug|Any CPU
		{E7676CD8-2F21-486F-A041-63D7D9CCD8A8}.Release|Any CPU.ActiveCfg = Release|Any CPU
		{E7676CD8-2F21-486F-A041-63D7D9CCD8A8}.Release|Any CPU.Build.0 = Release|Any CPU
		{2E87E451-72C9-45EB-AA4D-32C96CA9AB1A}.Debug|Any CPU.ActiveCfg = Debug|Any CPU
		{2E87E451-72C9-45EB-AA4D-32C96CA9AB1A}.Debug|Any CPU.Build.0 = Debug|Any CPU
		{2E87E451-72C9-45EB-AA4D-32C96CA9AB1A}.Release|Any CPU.ActiveCfg = Release|Any CPU
		{2E87E451-72C9-45EB-AA4D-32C96CA9AB1A}.Release|Any CPU.Build.0 = Release|Any CPU
	EndGlobalSection
	GlobalSection(SolutionProperties) = preSolution
		HideSolutionNode = FALSE
	EndGlobalSection
	GlobalSection(ExtensibilityGlobals) = postSolution
		SolutionGuid = {1B74CCFB-3E66-4B67-8841-0A00AAA2058C}
	EndGlobalSection
EndGlobal
